
Microsoft Visual Studio Solution File, Format Version 12.00
# Visual Studio Version 17
VisualStudioVersion = 17.4.33205.214
MinimumVisualStudioVersion = 10.0.40219.1
Project("{9A19103F-16F7-4668-BE54-9A1E7A4F7556}") = "WebProgramlama", "WebProgramlama\WebProgramlama.csproj", "{8F75C6FF-3C13-483E-9F03-C95DF00F9BCA}"
EndProject
Global
	GlobalSection(SolutionConfigurationPlatforms) = preSolution
		Debug|Any CPU = Debug|Any CPU
		Release|Any CPU = Release|Any CPU
	EndGlobalSection
	GlobalSection(ProjectConfigurationPlatforms) = postSolution
		{8F75C6FF-3C13-483E-9F03-C95DF00F9BCA}.Debug|Any CPU.ActiveCfg = Debug|Any CPU
		{8F75C6FF-3C13-483E-9F03-C95DF00F9BCA}.Debug|Any CPU.Build.0 = Debug|Any CPU
		{8F75C6FF-3C13-483E-9F03-C95DF00F9BCA}.Release|Any CPU.ActiveCfg = Release|Any CPU
		{8F75C6FF-3C13-483E-9F03-C95DF00F9BCA}.Release|Any CPU.Build.0 = Release|Any CPU
	EndGlobalSection
	GlobalSection(SolutionProperties) = preSolution
		HideSolutionNode = FALSE
	EndGlobalSection
	GlobalSection(ExtensibilityGlobals) = postSolution
		SolutionGuid = {5931AB3C-A490-44B2-852A-D0891A899A53}
	EndGlobalSection
EndGlobal
